// !$*UTF8*$!
{
	archiveVersion = 1;
	classes = {
	};
	objectVersion = 46;
	objects = {

/* Begin PBXBuildFile section */
		CE1C980E17F84E55003FEF68 /* RSServer.m in Sources */ = {isa = PBXBuildFile; fileRef = CE1C980D17F84E55003FEF68 /* RSServer.m */; };
		CE3D3D8D17E73A6C0025F189 /* PortMapper.m in Sources */ = {isa = PBXBuildFile; fileRef = CE3D3D8A17E73A6C0025F189 /* PortMapper.m */; settings = {COMPILER_FLAGS = "-fno-objc-arc"; }; };
		CE3D3D8E17E73A6C0025F189 /* RSPortMapper.m in Sources */ = {isa = PBXBuildFile; fileRef = CE3D3D8C17E73A6C0025F189 /* RSPortMapper.m */; };
		CE8F89BD181BA51A0071345E /* CFNetwork.framework in Frameworks */ = {isa = PBXBuildFile; fileRef = CE8F89BC181BA51A0071345E /* CFNetwork.framework */; };
		CE98B55E17CA315E00F1F8BF /* MainStoryboard.storyboard in Resources */ = {isa = PBXBuildFile; fileRef = CEBF5D9017BA05B800FEFB22 /* MainStoryboard.storyboard */; };
		CE98B55F17CA315E00F1F8BF /* MainStoryboard_iPad.storyboard in Resources */ = {isa = PBXBuildFile; fileRef = CEBF5E0417BBCB6500FEFB22 /* MainStoryboard_iPad.storyboard */; };
		CE98B56017CA315E00F1F8BF /* InfoPlist.strings in Resources */ = {isa = PBXBuildFile; fileRef = CEBF5D8117BA05B800FEFB22 /* InfoPlist.strings */; };
		CE98B56217CA335500F1F8BF /* GCDAsyncSocket.m in Sources */ = {isa = PBXBuildFile; fileRef = CE98B56117CA335500F1F8BF /* GCDAsyncSocket.m */; };
		CE98B56617CB0C0700F1F8BF /* RSMessenger.m in Sources */ = {isa = PBXBuildFile; fileRef = CE98B56517CB0C0700F1F8BF /* RSMessenger.m */; };
		CE9E640A1851E815001B6319 /* SystemConfiguration.framework in Frameworks */ = {isa = PBXBuildFile; fileRef = CE9E64091851E815001B6319 /* SystemConfiguration.framework */; };
		CEBF5D7917BA05B800FEFB22 /* UIKit.framework in Frameworks */ = {isa = PBXBuildFile; fileRef = CEBF5D7817BA05B800FEFB22 /* UIKit.framework */; };
		CEBF5D7B17BA05B800FEFB22 /* Foundation.framework in Frameworks */ = {isa = PBXBuildFile; fileRef = CEBF5D7A17BA05B800FEFB22 /* Foundation.framework */; };
		CEBF5D7D17BA05B800FEFB22 /* CoreGraphics.framework in Frameworks */ = {isa = PBXBuildFile; fileRef = CEBF5D7C17BA05B800FEFB22 /* CoreGraphics.framework */; };
		CEBF5D8517BA05B800FEFB22 /* main.m in Sources */ = {isa = PBXBuildFile; fileRef = CEBF5D8417BA05B800FEFB22 /* main.m */; };
		CEBF5D8917BA05B800FEFB22 /* TestAppDelegate.m in Sources */ = {isa = PBXBuildFile; fileRef = CEBF5D8817BA05B800FEFB22 /* TestAppDelegate.m */; };
		CEBF5D8B17BA05B800FEFB22 /* Default.png in Resources */ = {isa = PBXBuildFile; fileRef = CEBF5D8A17BA05B800FEFB22 /* Default.png */; };
		CEBF5D8D17BA05B800FEFB22 /* Default@2x.png in Resources */ = {isa = PBXBuildFile; fileRef = CEBF5D8C17BA05B800FEFB22 /* Default@2x.png */; };
		CEBF5D8F17BA05B800FEFB22 /* Default-568h@2x.png in Resources */ = {isa = PBXBuildFile; fileRef = CEBF5D8E17BA05B800FEFB22 /* Default-568h@2x.png */; };
		CEBF5D9517BA05B800FEFB22 /* TestViewController.m in Sources */ = {isa = PBXBuildFile; fileRef = CEBF5D9417BA05B800FEFB22 /* TestViewController.m */; };
		CEBF5DF317BA4EB700FEFB22 /* GCDAsyncUdpSocket.m in Sources */ = {isa = PBXBuildFile; fileRef = CEBF5DE117BA4EB600FEFB22 /* GCDAsyncUdpSocket.m */; };
		CEBF5DF417BA4EB700FEFB22 /* NSData+AES.m in Sources */ = {isa = PBXBuildFile; fileRef = CEBF5DE317BA4EB600FEFB22 /* NSData+AES.m */; };
		CEBF5DF517BA4EB700FEFB22 /* RSDownload.m in Sources */ = {isa = PBXBuildFile; fileRef = CEBF5DE717BA4EB600FEFB22 /* RSDownload.m */; };
		CEBF5DF817BA4EB700FEFB22 /* RSClient.m in Sources */ = {isa = PBXBuildFile; fileRef = CEBF5DED17BA4EB700FEFB22 /* RSClient.m */; };
		CEBF5DF917BA4EB700FEFB22 /* RSUpload.m in Sources */ = {isa = PBXBuildFile; fileRef = CEBF5DEF17BA4EB700FEFB22 /* RSUpload.m */; };
		CEBF5DFA17BA4EB700FEFB22 /* RSUtilities.m in Sources */ = {isa = PBXBuildFile; fileRef = CEBF5DF117BA4EB700FEFB22 /* RSUtilities.m */; };
		CEBF5DFC17BA514200FEFB22 /* Security.framework in Frameworks */ = {isa = PBXBuildFile; fileRef = CEBF5DFB17BA514200FEFB22 /* Security.framework */; };
/* End PBXBuildFile section */

/* Begin PBXFileReference section */
		CE1C980C17F84E54003FEF68 /* RSServer.h */ = {isa = PBXFileReference; fileEncoding = 4; lastKnownFileType = sourcecode.c.h; name = RSServer.h; path = "/Users/user/Desktop/RevS Project/RevS Test/Objective-C/RSServer.h"; sourceTree = "<absolute>"; };
		CE1C980D17F84E55003FEF68 /* RSServer.m */ = {isa = PBXFileReference; fileEncoding = 4; lastKnownFileType = sourcecode.c.objc; name = RSServer.m; path = "/Users/user/Desktop/RevS Project/RevS Test/Objective-C/RSServer.m"; sourceTree = "<absolute>"; };
		CE3D3D8917E73A6C0025F189 /* PortMapper.h */ = {isa = PBXFileReference; fileEncoding = 4; lastKnownFileType = sourcecode.c.h; name = PortMapper.h; path = "/Users/user/Desktop/RevS Project/RevS Test/Objective-C/Third Party/PortMapper.h"; sourceTree = "<absolute>"; };
		CE3D3D8A17E73A6C0025F189 /* PortMapper.m */ = {isa = PBXFileReference; fileEncoding = 4; lastKnownFileType = sourcecode.c.objc; name = PortMapper.m; path = "/Users/user/Desktop/RevS Project/RevS Test/Objective-C/Third Party/PortMapper.m"; sourceTree = "<absolute>"; };
		CE3D3D8B17E73A6C0025F189 /* RSPortMapper.h */ = {isa = PBXFileReference; fileEncoding = 4; lastKnownFileType = sourcecode.c.h; name = RSPortMapper.h; path = "/Users/user/Desktop/RevS Project/RevS Test/Objective-C/RSPortMapper.h"; sourceTree = "<absolute>"; };
		CE3D3D8C17E73A6C0025F189 /* RSPortMapper.m */ = {isa = PBXFileReference; fileEncoding = 4; lastKnownFileType = sourcecode.c.objc; name = RSPortMapper.m; path = "/Users/user/Desktop/RevS Project/RevS Test/Objective-C/RSPortMapper.m"; sourceTree = "<absolute>"; };
		CE8F89BC181BA51A0071345E /* CFNetwork.framework */ = {isa = PBXFileReference; lastKnownFileType = wrapper.framework; name = CFNetwork.framework; path = System/Library/Frameworks/CFNetwork.framework; sourceTree = SDKROOT; };
		CE98B56117CA335500F1F8BF /* GCDAsyncSocket.m */ = {isa = PBXFileReference; fileEncoding = 4; lastKnownFileType = sourcecode.c.objc; name = GCDAsyncSocket.m; path = "/Users/user/Desktop/RevS Project/RevS Test/Objective-C/Third Party/GCDAsyncSocket.m"; sourceTree = "<absolute>"; };
		CE98B56317CA349400F1F8BF /* RevSTest-Prefix.pch */ = {isa = PBXFileReference; fileEncoding = 4; lastKnownFileType = sourcecode.c.h; path = "RevSTest-Prefix.pch"; sourceTree = SOURCE_ROOT; };
		CE98B56417CB0C0700F1F8BF /* RSMessenger.h */ = {isa = PBXFileReference; fileEncoding = 4; lastKnownFileType = sourcecode.c.h; name = RSMessenger.h; path = "/Users/user/Desktop/RevS Project/RevS Test/Objective-C/RSMessenger.h"; sourceTree = "<absolute>"; };
		CE98B56517CB0C0700F1F8BF /* RSMessenger.m */ = {isa = PBXFileReference; fileEncoding = 4; lastKnownFileType = sourcecode.c.objc; name = RSMessenger.m; path = "/Users/user/Desktop/RevS Project/RevS Test/Objective-C/RSMessenger.m"; sourceTree = "<absolute>"; };
		CE9E64091851E815001B6319 /* SystemConfiguration.framework */ = {isa = PBXFileReference; lastKnownFileType = wrapper.framework; name = SystemConfiguration.framework; path = System/Library/Frameworks/SystemConfiguration.framework; sourceTree = SDKROOT; };
		CEBF5D7517BA05B800FEFB22 /* RevSTest.app */ = {isa = PBXFileReference; explicitFileType = wrapper.application; includeInIndex = 0; path = RevSTest.app; sourceTree = BUILT_PRODUCTS_DIR; };
		CEBF5D7817BA05B800FEFB22 /* UIKit.framework */ = {isa = PBXFileReference; lastKnownFileType = wrapper.framework; name = UIKit.framework; path = System/Library/Frameworks/UIKit.framework; sourceTree = SDKROOT; };
		CEBF5D7A17BA05B800FEFB22 /* Foundation.framework */ = {isa = PBXFileReference; lastKnownFileType = wrapper.framework; name = Foundation.framework; path = System/Library/Frameworks/Foundation.framework; sourceTree = SDKROOT; };
		CEBF5D7C17BA05B800FEFB22 /* CoreGraphics.framework */ = {isa = PBXFileReference; lastKnownFileType = wrapper.framework; name = CoreGraphics.framework; path = System/Library/Frameworks/CoreGraphics.framework; sourceTree = SDKROOT; };
		CEBF5D8017BA05B800FEFB22 /* RevSTest-Info.plist */ = {isa = PBXFileReference; lastKnownFileType = text.plist.xml; path = "RevSTest-Info.plist"; sourceTree = SOURCE_ROOT; };
		CEBF5D8217BA05B800FEFB22 /* en */ = {isa = PBXFileReference; lastKnownFileType = text.plist.strings; name = en; path = en.lproj/InfoPlist.strings; sourceTree = "<group>"; };
		CEBF5D8417BA05B800FEFB22 /* main.m */ = {isa = PBXFileReference; lastKnownFileType = sourcecode.c.objc; path = main.m; sourceTree = SOURCE_ROOT; };
		CEBF5D8717BA05B800FEFB22 /* TestAppDelegate.h */ = {isa = PBXFileReference; lastKnownFileType = sourcecode.c.h; path = TestAppDelegate.h; sourceTree = SOURCE_ROOT; };
		CEBF5D8817BA05B800FEFB22 /* TestAppDelegate.m */ = {isa = PBXFileReference; lastKnownFileType = sourcecode.c.objc; path = TestAppDelegate.m; sourceTree = SOURCE_ROOT; };
		CEBF5D8A17BA05B800FEFB22 /* Default.png */ = {isa = PBXFileReference; lastKnownFileType = image.png; path = Default.png; sourceTree = SOURCE_ROOT; };
		CEBF5D8C17BA05B800FEFB22 /* Default@2x.png */ = {isa = PBXFileReference; lastKnownFileType = image.png; path = "Default@2x.png"; sourceTree = SOURCE_ROOT; };
		CEBF5D8E17BA05B800FEFB22 /* Default-568h@2x.png */ = {isa = PBXFileReference; lastKnownFileType = image.png; path = "Default-568h@2x.png"; sourceTree = SOURCE_ROOT; };
		CEBF5D9117BA05B800FEFB22 /* en */ = {isa = PBXFileReference; lastKnownFileType = file.storyboard; name = en; path = en.lproj/MainStoryboard.storyboard; sourceTree = "<group>"; };
		CEBF5D9317BA05B800FEFB22 /* TestViewController.h */ = {isa = PBXFileReference; lastKnownFileType = sourcecode.c.h; path = TestViewController.h; sourceTree = SOURCE_ROOT; };
		CEBF5D9417BA05B800FEFB22 /* TestViewController.m */ = {isa = PBXFileReference; lastKnownFileType = sourcecode.c.objc; path = TestViewController.m; sourceTree = SOURCE_ROOT; };
		CEBF5DDE17BA4EB600FEFB22 /* GCDAsyncSocket.h */ = {isa = PBXFileReference; fileEncoding = 4; lastKnownFileType = sourcecode.c.h; name = GCDAsyncSocket.h; path = "/Users/user/Desktop/RevS Project/RevS Test/Objective-C/Third Party/GCDAsyncSocket.h"; sourceTree = "<absolute>"; };
		CEBF5DE017BA4EB600FEFB22 /* GCDAsyncUdpSocket.h */ = {isa = PBXFileReference; fileEncoding = 4; lastKnownFileType = sourcecode.c.h; name = GCDAsyncUdpSocket.h; path = "/Users/user/Desktop/RevS Project/RevS Test/Objective-C/Third Party/GCDAsyncUdpSocket.h"; sourceTree = "<absolute>"; };
		CEBF5DE117BA4EB600FEFB22 /* GCDAsyncUdpSocket.m */ = {isa = PBXFileReference; fileEncoding = 4; lastKnownFileType = sourcecode.c.objc; name = GCDAsyncUdpSocket.m; path = "/Users/user/Desktop/RevS Project/RevS Test/Objective-C/Third Party/GCDAsyncUdpSocket.m"; sourceTree = "<absolute>"; };
		CEBF5DE217BA4EB600FEFB22 /* NSData+AES.h */ = {isa = PBXFileReference; fileEncoding = 4; lastKnownFileType = sourcecode.c.h; name = "NSData+AES.h"; path = "/Users/user/Desktop/RevS Project/RevS Test/Objective-C/Third Party/NSData+AES.h"; sourceTree = "<absolute>"; };
		CEBF5DE317BA4EB600FEFB22 /* NSData+AES.m */ = {isa = PBXFileReference; fileEncoding = 4; lastKnownFileType = sourcecode.c.objc; name = "NSData+AES.m"; path = "/Users/user/Desktop/RevS Project/RevS Test/Objective-C/Third Party/NSData+AES.m"; sourceTree = "<absolute>"; };
		CEBF5DE417BA4EB600FEFB22 /* RevS.h */ = {isa = PBXFileReference; fileEncoding = 4; lastKnownFileType = sourcecode.c.h; name = RevS.h; path = "/Users/user/Desktop/RevS Project/RevS Test/Objective-C/RevS.h"; sourceTree = "<absolute>"; };
		CEBF5DE517BA4EB600FEFB22 /* RSConstants.h */ = {isa = PBXFileReference; fileEncoding = 4; lastKnownFileType = sourcecode.c.h; name = RSConstants.h; path = "/Users/user/Desktop/RevS Project/RevS Test/Objective-C/RSConstants.h"; sourceTree = "<absolute>"; };
		CEBF5DE617BA4EB600FEFB22 /* RSDownload.h */ = {isa = PBXFileReference; fileEncoding = 4; lastKnownFileType = sourcecode.c.h; name = RSDownload.h; path = "/Users/user/Desktop/RevS Project/RevS Test/Objective-C/RSDownload.h"; sourceTree = "<absolute>"; };
		CEBF5DE717BA4EB600FEFB22 /* RSDownload.m */ = {isa = PBXFileReference; fileEncoding = 4; lastKnownFileType = sourcecode.c.objc; name = RSDownload.m; path = "/Users/user/Desktop/RevS Project/RevS Test/Objective-C/RSDownload.m"; sourceTree = "<absolute>"; };
		CEBF5DEC17BA4EB600FEFB22 /* RSClient.h */ = {isa = PBXFileReference; fileEncoding = 4; lastKnownFileType = sourcecode.c.h; name = RSClient.h; path = "/Users/user/Desktop/RevS Project/RevS Test/Objective-C/RSClient.h"; sourceTree = "<absolute>"; };
		CEBF5DED17BA4EB700FEFB22 /* RSClient.m */ = {isa = PBXFileReference; fileEncoding = 4; lastKnownFileType = sourcecode.c.objc; name = RSClient.m; path = "/Users/user/Desktop/RevS Project/RevS Test/Objective-C/RSClient.m"; sourceTree = "<absolute>"; };
		CEBF5DEE17BA4EB700FEFB22 /* RSUpload.h */ = {isa = PBXFileReference; fileEncoding = 4; lastKnownFileType = sourcecode.c.h; name = RSUpload.h; path = "/Users/user/Desktop/RevS Project/RevS Test/Objective-C/RSUpload.h"; sourceTree = "<absolute>"; };
		CEBF5DEF17BA4EB700FEFB22 /* RSUpload.m */ = {isa = PBXFileReference; fileEncoding = 4; lastKnownFileType = sourcecode.c.objc; name = RSUpload.m; path = "/Users/user/Desktop/RevS Project/RevS Test/Objective-C/RSUpload.m"; sourceTree = "<absolute>"; };
		CEBF5DF017BA4EB700FEFB22 /* RSUtilities.h */ = {isa = PBXFileReference; fileEncoding = 4; lastKnownFileType = sourcecode.c.h; name = RSUtilities.h; path = "/Users/user/Desktop/RevS Project/RevS Test/Objective-C/RSUtilities.h"; sourceTree = "<absolute>"; };
		CEBF5DF117BA4EB700FEFB22 /* RSUtilities.m */ = {isa = PBXFileReference; fileEncoding = 4; lastKnownFileType = sourcecode.c.objc; name = RSUtilities.m; path = "/Users/user/Desktop/RevS Project/RevS Test/Objective-C/RSUtilities.m"; sourceTree = "<absolute>"; };
		CEBF5DFB17BA514200FEFB22 /* Security.framework */ = {isa = PBXFileReference; lastKnownFileType = wrapper.framework; name = Security.framework; path = System/Library/Frameworks/Security.framework; sourceTree = SDKROOT; };
		CEBF5E0417BBCB6500FEFB22 /* MainStoryboard_iPad.storyboard */ = {isa = PBXFileReference; fileEncoding = 4; lastKnownFileType = file.storyboard; path = MainStoryboard_iPad.storyboard; sourceTree = SOURCE_ROOT; };
/* End PBXFileReference section */

/* Begin PBXFrameworksBuildPhase section */
		CEBF5D7217BA05B800FEFB22 /* Frameworks */ = {
			isa = PBXFrameworksBuildPhase;
			buildActionMask = 2147483647;
			files = (
				CE9E640A1851E815001B6319 /* SystemConfiguration.framework in Frameworks */,
				CE8F89BD181BA51A0071345E /* CFNetwork.framework in Frameworks */,
				CEBF5DFC17BA514200FEFB22 /* Security.framework in Frameworks */,
				CEBF5D7917BA05B800FEFB22 /* UIKit.framework in Frameworks */,
				CEBF5D7B17BA05B800FEFB22 /* Foundation.framework in Frameworks */,
				CEBF5D7D17BA05B800FEFB22 /* CoreGraphics.framework in Frameworks */,
			);
			runOnlyForDeploymentPostprocessing = 0;
		};
/* End PBXFrameworksBuildPhase section */

/* Begin PBXGroup section */
		CE8F89C8181D055F0071345E /* Third Party */ = {
			isa = PBXGroup;
			children = (
				CE3D3D8917E73A6C0025F189 /* PortMapper.h */,
				CE3D3D8A17E73A6C0025F189 /* PortMapper.m */,
				CEBF5DDE17BA4EB600FEFB22 /* GCDAsyncSocket.h */,
				CE98B56117CA335500F1F8BF /* GCDAsyncSocket.m */,
				CEBF5DE017BA4EB600FEFB22 /* GCDAsyncUdpSocket.h */,
				CEBF5DE117BA4EB600FEFB22 /* GCDAsyncUdpSocket.m */,
				CEBF5DE217BA4EB600FEFB22 /* NSData+AES.h */,
				CEBF5DE317BA4EB600FEFB22 /* NSData+AES.m */,
			);
			name = "Third Party";
			sourceTree = "<group>";
		};
		CEBF5D6C17BA05B800FEFB22 = {
			isa = PBXGroup;
			children = (
				CEBF5D7E17BA05B800FEFB22 /* RevSTest */,
				CEBF5D7717BA05B800FEFB22 /* Frameworks */,
				CEBF5D7617BA05B800FEFB22 /* Products */,
			);
			sourceTree = "<group>";
		};
		CEBF5D7617BA05B800FEFB22 /* Products */ = {
			isa = PBXGroup;
			children = (
				CEBF5D7517BA05B800FEFB22 /* RevSTest.app */,
			);
			name = Products;
			sourceTree = "<group>";
		};
		CEBF5D7717BA05B800FEFB22 /* Frameworks */ = {
			isa = PBXGroup;
			children = (
				CE9E64091851E815001B6319 /* SystemConfiguration.framework */,
				CE8F89BC181BA51A0071345E /* CFNetwork.framework */,
				CEBF5DFB17BA514200FEFB22 /* Security.framework */,
				CEBF5D7817BA05B800FEFB22 /* UIKit.framework */,
				CEBF5D7A17BA05B800FEFB22 /* Foundation.framework */,
				CEBF5D7C17BA05B800FEFB22 /* CoreGraphics.framework */,
			);
			name = Frameworks;
			sourceTree = "<group>";
		};
		CEBF5D7E17BA05B800FEFB22 /* RevSTest */ = {
			isa = PBXGroup;
			children = (
				CEBF5D8717BA05B800FEFB22 /* TestAppDelegate.h */,
				CEBF5D8817BA05B800FEFB22 /* TestAppDelegate.m */,
				CEBF5D9017BA05B800FEFB22 /* MainStoryboard.storyboard */,
				CEBF5E0417BBCB6500FEFB22 /* MainStoryboard_iPad.storyboard */,
				CEBF5D9317BA05B800FEFB22 /* TestViewController.h */,
				CEBF5D9417BA05B800FEFB22 /* TestViewController.m */,
				CEBF5DDD17BA4E7900FEFB22 /* RevS */,
				CEBF5D7F17BA05B800FEFB22 /* Supporting Files */,
			);
			name = RevSTest;
			path = "Objective-C";
			sourceTree = "<group>";
		};
		CEBF5D7F17BA05B800FEFB22 /* Supporting Files */ = {
			isa = PBXGroup;
			children = (
				CEBF5D8017BA05B800FEFB22 /* RevSTest-Info.plist */,
				CEBF5D8117BA05B800FEFB22 /* InfoPlist.strings */,
				CEBF5D8417BA05B800FEFB22 /* main.m */,
				CE98B56317CA349400F1F8BF /* RevSTest-Prefix.pch */,
				CEBF5D8A17BA05B800FEFB22 /* Default.png */,
				CEBF5D8C17BA05B800FEFB22 /* Default@2x.png */,
				CEBF5D8E17BA05B800FEFB22 /* Default-568h@2x.png */,
			);
			name = "Supporting Files";
			sourceTree = "<group>";
		};
		CEBF5DDD17BA4E7900FEFB22 /* RevS */ = {
			isa = PBXGroup;
			children = (
				CE3D3D8B17E73A6C0025F189 /* RSPortMapper.h */,
				CE3D3D8C17E73A6C0025F189 /* RSPortMapper.m */,
				CEBF5DE417BA4EB600FEFB22 /* RevS.h */,
				CEBF5DE517BA4EB600FEFB22 /* RSConstants.h */,
				CEBF5DE617BA4EB600FEFB22 /* RSDownload.h */,
				CEBF5DE717BA4EB600FEFB22 /* RSDownload.m */,
				CE98B56417CB0C0700F1F8BF /* RSMessenger.h */,
				CE98B56517CB0C0700F1F8BF /* RSMessenger.m */,
				CEBF5DEC17BA4EB600FEFB22 /* RSClient.h */,
				CEBF5DED17BA4EB700FEFB22 /* RSClient.m */,
				CE1C980C17F84E54003FEF68 /* RSServer.h */,
				CE1C980D17F84E55003FEF68 /* RSServer.m */,
				CEBF5DEE17BA4EB700FEFB22 /* RSUpload.h */,
				CEBF5DEF17BA4EB700FEFB22 /* RSUpload.m */,
				CEBF5DF017BA4EB700FEFB22 /* RSUtilities.h */,
				CEBF5DF117BA4EB700FEFB22 /* RSUtilities.m */,
				CE8F89C8181D055F0071345E /* Third Party */,
			);
			name = RevS;
			path = "Objective-C";
			sourceTree = SOURCE_ROOT;
		};
/* End PBXGroup section */

/* Begin PBXNativeTarget section */
		CEBF5D7417BA05B800FEFB22 /* RevSTest */ = {
			isa = PBXNativeTarget;
			buildConfigurationList = CEBF5D9817BA05B800FEFB22 /* Build configuration list for PBXNativeTarget "RevSTest" */;
			buildPhases = (
				CEBF5D7117BA05B800FEFB22 /* Sources */,
				CEBF5D7217BA05B800FEFB22 /* Frameworks */,
				CEBF5D7317BA05B800FEFB22 /* Resources */,
			);
			buildRules = (
			);
			dependencies = (
			);
			name = RevSTest;
			productName = RevSTest;
			productReference = CEBF5D7517BA05B800FEFB22 /* RevSTest.app */;
			productType = "com.apple.product-type.application";
		};
/* End PBXNativeTarget section */

/* Begin PBXProject section */
		CEBF5D6D17BA05B800FEFB22 /* Project object */ = {
			isa = PBXProject;
			attributes = {
				CLASSPREFIX = Test;
				LastUpgradeCheck = 0460;
				ORGANIZATIONNAME = lzbdd;
			};
			buildConfigurationList = CEBF5D7017BA05B800FEFB22 /* Build configuration list for PBXProject "RevSTest" */;
			compatibilityVersion = "Xcode 3.2";
			developmentRegion = English;
			hasScannedForEncodings = 0;
			knownRegions = (
				en,
			);
			mainGroup = CEBF5D6C17BA05B800FEFB22;
			productRefGroup = CEBF5D7617BA05B800FEFB22 /* Products */;
			projectDirPath = "";
			projectRoot = "";
			targets = (
				CEBF5D7417BA05B800FEFB22 /* RevSTest */,
			);
		};
/* End PBXProject section */

/* Begin PBXResourcesBuildPhase section */
		CEBF5D7317BA05B800FEFB22 /* Resources */ = {
			isa = PBXResourcesBuildPhase;
			buildActionMask = 2147483647;
			files = (
				CE98B55E17CA315E00F1F8BF /* MainStoryboard.storyboard in Resources */,
				CE98B55F17CA315E00F1F8BF /* MainStoryboard_iPad.storyboard in Resources */,
				CE98B56017CA315E00F1F8BF /* InfoPlist.strings in Resources */,
				CEBF5D8B17BA05B800FEFB22 /* Default.png in Resources */,
				CEBF5D8D17BA05B800FEFB22 /* Default@2x.png in Resources */,
				CEBF5D8F17BA05B800FEFB22 /* Default-568h@2x.png in Resources */,
			);
			runOnlyForDeploymentPostprocessing = 0;
		};
/* End PBXResourcesBuildPhase section */

/* Begin PBXSourcesBuildPhase section */
		CEBF5D7117BA05B800FEFB22 /* Sources */ = {
			isa = PBXSourcesBuildPhase;
			buildActionMask = 2147483647;
			files = (
				CEBF5D8517BA05B800FEFB22 /* main.m in Sources */,
				CEBF5D8917BA05B800FEFB22 /* TestAppDelegate.m in Sources */,
				CEBF5D9517BA05B800FEFB22 /* TestViewController.m in Sources */,
				CEBF5DF317BA4EB700FEFB22 /* GCDAsyncUdpSocket.m in Sources */,
				CEBF5DF417BA4EB700FEFB22 /* NSData+AES.m in Sources */,
				CEBF5DF517BA4EB700FEFB22 /* RSDownload.m in Sources */,
				CEBF5DF817BA4EB700FEFB22 /* RSClient.m in Sources */,
				CEBF5DF917BA4EB700FEFB22 /* RSUpload.m in Sources */,
				CEBF5DFA17BA4EB700FEFB22 /* RSUtilities.m in Sources */,
				CE98B56217CA335500F1F8BF /* GCDAsyncSocket.m in Sources */,
				CE98B56617CB0C0700F1F8BF /* RSMessenger.m in Sources */,
				CE3D3D8D17E73A6C0025F189 /* PortMapper.m in Sources */,
				CE3D3D8E17E73A6C0025F189 /* RSPortMapper.m in Sources */,
				CE1C980E17F84E55003FEF68 /* RSServer.m in Sources */,
			);
			runOnlyForDeploymentPostprocessing = 0;
		};
/* End PBXSourcesBuildPhase section */

/* Begin PBXVariantGroup section */
		CEBF5D8117BA05B800FEFB22 /* InfoPlist.strings */ = {
			isa = PBXVariantGroup;
			children = (
				CEBF5D8217BA05B800FEFB22 /* en */,
			);
			name = InfoPlist.strings;
			sourceTree = SOURCE_ROOT;
		};
		CEBF5D9017BA05B800FEFB22 /* MainStoryboard.storyboard */ = {
			isa = PBXVariantGroup;
			children = (
				CEBF5D9117BA05B800FEFB22 /* en */,
			);
			name = MainStoryboard.storyboard;
			sourceTree = SOURCE_ROOT;
		};
/* End PBXVariantGroup section */

/* Begin XCBuildConfiguration section */
		CEBF5D9617BA05B800FEFB22 /* Debug */ = {
			isa = XCBuildConfiguration;
			buildSettings = {
				ALWAYS_SEARCH_USER_PATHS = NO;
				CLANG_CXX_LANGUAGE_STANDARD = "gnu++0x";
				CLANG_CXX_LIBRARY = "libc++";
				CLANG_ENABLE_OBJC_ARC = YES;
				CLANG_WARN_CONSTANT_CONVERSION = YES;
				CLANG_WARN_EMPTY_BODY = YES;
				CLANG_WARN_ENUM_CONVERSION = YES;
				CLANG_WARN_INT_CONVERSION = YES;
				CLANG_WARN__DUPLICATE_METHOD_MATCH = YES;
				"CODE_SIGN_IDENTITY[sdk=iphoneos*]" = "iPhone Developer";
				COPY_PHASE_STRIP = NO;
				GCC_C_LANGUAGE_STANDARD = gnu99;
				GCC_DYNAMIC_NO_PIC = NO;
				GCC_OPTIMIZATION_LEVEL = 0;
				GCC_PREPROCESSOR_DEFINITIONS = (
					"DEBUG=1",
					"$(inherited)",
				);
				GCC_SYMBOLS_PRIVATE_EXTERN = NO;
				GCC_WARN_ABOUT_RETURN_TYPE = YES;
				GCC_WARN_UNINITIALIZED_AUTOS = YES;
				GCC_WARN_UNUSED_VARIABLE = YES;
				IPHONEOS_DEPLOYMENT_TARGET = 6.1;
				ONLY_ACTIVE_ARCH = YES;
				SDKROOT = iphoneos;
			};
			name = Debug;
		};
		CEBF5D9717BA05B800FEFB22 /* Release */ = {
			isa = XCBuildConfiguration;
			buildSettings = {
				ALWAYS_SEARCH_USER_PATHS = NO;
				CLANG_CXX_LANGUAGE_STANDARD = "gnu++0x";
				CLANG_CXX_LIBRARY = "libc++";
				CLANG_ENABLE_OBJC_ARC = YES;
				CLANG_WARN_CONSTANT_CONVERSION = YES;
				CLANG_WARN_EMPTY_BODY = YES;
				CLANG_WARN_ENUM_CONVERSION = YES;
				CLANG_WARN_INT_CONVERSION = YES;
				CLANG_WARN__DUPLICATE_METHOD_MATCH = YES;
				"CODE_SIGN_IDENTITY[sdk=iphoneos*]" = "iPhone Developer";
				COPY_PHASE_STRIP = YES;
				GCC_C_LANGUAGE_STANDARD = gnu99;
				GCC_WARN_ABOUT_RETURN_TYPE = YES;
				GCC_WARN_UNINITIALIZED_AUTOS = YES;
				GCC_WARN_UNUSED_VARIABLE = YES;
				IPHONEOS_DEPLOYMENT_TARGET = 6.1;
				OTHER_CFLAGS = "-DNS_BLOCK_ASSERTIONS=1";
				SDKROOT = iphoneos;
				VALIDATE_PRODUCT = YES;
			};
			name = Release;
		};
		CEBF5D9917BA05B800FEFB22 /* Debug */ = {
			isa = XCBuildConfiguration;
			buildSettings = {
				CODE_SIGN_IDENTITY = "iPhone Developer: Zebang Liu (XJU7KE2FB9)";
				"CODE_SIGN_IDENTITY[sdk=iphoneos*]" = "iPhone Developer: Zebang Liu (XJU7KE2FB9)";
				FRAMEWORK_SEARCH_PATHS = (
					"$(inherited)",
					"\"$(SRCROOT)/../../..\"",
					"\"$(SRCROOT)\"",
				);
				GCC_PRECOMPILE_PREFIX_HEADER = YES;
				GCC_PREFIX_HEADER = "RevSTest-Prefix.pch";
				INFOPLIST_FILE = "$(SRCROOT)/RevSTest-Info.plist";
				IPHONEOS_DEPLOYMENT_TARGET = 5.0;
				LIBRARY_SEARCH_PATHS = (
					"$(inherited)",
					"\"$(SDKROOT)/usr/lib/system\"",
				);
				PRODUCT_NAME = "$(TARGET_NAME)";
				PROVISIONING_PROFILE = "";
				"PROVISIONING_PROFILE[sdk=iphoneos*]" = "";
				SDKROOT = iphoneos;
				SUPPORTED_PLATFORMS = "iphonesimulator iphoneos";
				TARGETED_DEVICE_FAMILY = "1,2";
				WRAPPER_EXTENSION = app;
			};
			name = Debug;
		};
		CEBF5D9A17BA05B800FEFB22 /* Release */ = {
			isa = XCBuildConfiguration;
			buildSettings = {
				CODE_SIGN_IDENTITY = "iPhone Developer: Zebang Liu (XJU7KE2FB9)";
				"CODE_SIGN_IDENTITY[sdk=iphoneos*]" = "iPhone Developer: Zebang Liu (XJU7KE2FB9)";
				FRAMEWORK_SEARCH_PATHS = (
					"$(inherited)",
					"\"$(SRCROOT)/../../..\"",
					"\"$(SRCROOT)\"",
				);
				GCC_PRECOMPILE_PREFIX_HEADER = YES;
				GCC_PREFIX_HEADER = "RevSTest-Prefix.pch";
				INFOPLIST_FILE = "$(SRCROOT)/RevSTest-Info.plist";
				IPHONEOS_DEPLOYMENT_TARGET = 5.0;
				LIBRARY_SEARCH_PATHS = (
					"$(inherited)",
					"\"$(SDKROOT)/usr/lib/system\"",
				);
				PRODUCT_NAME = "$(TARGET_NAME)";
				PROVISIONING_PROFILE = "";
				"PROVISIONING_PROFILE[sdk=iphoneos*]" = "";
				SDKROOT = iphoneos;
				SUPPORTED_PLATFORMS = "iphonesimulator iphoneos";
				TARGETED_DEVICE_FAMILY = "1,2";
				WRAPPER_EXTENSION = app;
			};
			name = Release;
		};
/* End XCBuildConfiguration section */

/* Begin XCConfigurationList section */
		CEBF5D7017BA05B800FEFB22 /* Build configuration list for PBXProject "RevSTest" */ = {
			isa = XCConfigurationList;
			buildConfigurations = (
				CEBF5D9617BA05B800FEFB22 /* Debug */,
				CEBF5D9717BA05B800FEFB22 /* Release */,
			);
			defaultConfigurationIsVisible = 0;
			defaultConfigurationName = Release;
		};
		CEBF5D9817BA05B800FEFB22 /* Build configuration list for PBXNativeTarget "RevSTest" */ = {
			isa = XCConfigurationList;
			buildConfigurations = (
				CEBF5D9917BA05B800FEFB22 /* Debug */,
				CEBF5D9A17BA05B800FEFB22 /* Release */,
			);
			defaultConfigurationIsVisible = 0;
			defaultConfigurationName = Release;
		};
/* End XCConfigurationList section */
	};
	rootObject = CEBF5D6D17BA05B800FEFB22 /* Project object */;
}
